<Solution>
  <Project Path="Proyecto.Core/Proyecto.Core.csproj" Id="b117f13b-ebfe-49a3-ad48-a1f24b381981" />
  <Project Path="Proyecto.Data/Proyecto.Data.csproj" Id="485c8e40-2c93-4ce4-89db-d694afe6d6ba" />
  <Project Path="Proyecto.ForoReadme/Proyecto.ForoReadme.csproj" Id="02d00e5f-4016-45a3-8765-3e8356b821ef" />
  <Project Path="Proyecto.Repositories/Proyecto.Repositories.csproj" Id="59c8440a-03c8-4104-91c5-d9e87585ee1b" />
</Solution>
